
Microsoft Visual Studio Solution File, Format Version 12.00
# Visual Studio Version 16
VisualStudioVersion = 16.0.30413.136
MinimumVisualStudioVersion = 10.0.40219.1
Project("{FAE04EC0-301F-11D3-BF4B-00C04F79EFBC}") = "SimpleCommandlineParser", "SimpleCommandlineParser.csproj", "{80A174AF-1EDE-444A-BF67-AD473E3707BA}"
EndProject
Global
	GlobalSection(SolutionConfigurationPlatforms) = preSolution
		Debug|Any CPU = Debug|Any CPU
		Release|Any CPU = Release|Any CPU
	EndGlobalSection
	GlobalSection(ProjectConfigurationPlatforms) = postSolution
		{80A174AF-1EDE-444A-BF67-AD473E3707BA}.Debug|Any CPU.ActiveCfg = Debug|Any CPU
		{80A174AF-1EDE-444A-BF67-AD473E3707BA}.Debug|Any CPU.Build.0 = Debug|Any CPU
		{80A174AF-1EDE-444A-BF67-AD473E3707BA}.Release|Any CPU.ActiveCfg = Release|Any CPU
		{80A174AF-1EDE-444A-BF67-AD473E3707BA}.Release|Any CPU.Build.0 = Release|Any CPU
	EndGlobalSection
	GlobalSection(SolutionProperties) = preSolution
		HideSolutionNode = FALSE
	EndGlobalSection
	GlobalSection(ExtensibilityGlobals) = postSolution
		SolutionGuid = {D8A6A8F5-5171-42EC-AA37-F13B8699AE07}
	EndGlobalSection
EndGlobal
